<Solution>
  <Folder Name="/Solution Items/">
    <File Path=".editorconfig" />
  </Folder>
  <Project Path="CoreLib/CoreLib.csproj" />
  <Project Path="FileSystem/FileSystem.csproj" />
  <Project Path="NavMeshApi/NavMesh.csproj" />
  <Project Path="VSRO_CONTROL_API/VSRO_CONTROL_API.csproj" />
</Solution>
